
Microsoft Visual Studio Solution File, Format Version 12.00
# Visual Studio 15
VisualStudioVersion = 15.0.28010.2041
MinimumVisualStudioVersion = 10.0.40219.1
Project("{FAE04EC0-301F-11D3-BF4B-00C04F79EFBC}") = "IC.Base64", "IC.Base64\IC.Base64.csproj", "{C6C70A65-F492-4617-BB52-002D0DD02404}"
EndProject
Project("{FAE04EC0-301F-11D3-BF4B-00C04F79EFBC}") = "IC.Base64.Test", "IC.Base64.Test\IC.Base64.Test.csproj", "{BB532C5B-204B-4A91-AFBB-924752C316FB}"
EndProject
Global
	GlobalSection(SolutionConfigurationPlatforms) = preSolution
		Debug|Any CPU = Debug|Any CPU
		Release|Any CPU = Release|Any CPU
	EndGlobalSection
	GlobalSection(ProjectConfigurationPlatforms) = postSolution
		{C6C70A65-F492-4617-BB52-002D0DD02404}.Debug|Any CPU.ActiveCfg = Debug|Any CPU
		{C6C70A65-F492-4617-BB52-002D0DD02404}.Debug|Any CPU.Build.0 = Debug|Any CPU
		{C6C70A65-F492-4617-BB52-002D0DD02404}.Release|Any CPU.ActiveCfg = Release|Any CPU
		{C6C70A65-F492-4617-BB52-002D0DD02404}.Release|Any CPU.Build.0 = Release|Any CPU
		{BB532C5B-204B-4A91-AFBB-924752C316FB}.Debug|Any CPU.ActiveCfg = Debug|Any CPU
		{BB532C5B-204B-4A91-AFBB-924752C316FB}.Debug|Any CPU.Build.0 = Debug|Any CPU
		{BB532C5B-204B-4A91-AFBB-924752C316FB}.Release|Any CPU.ActiveCfg = Release|Any CPU
		{BB532C5B-204B-4A91-AFBB-924752C316FB}.Release|Any CPU.Build.0 = Release|Any CPU
	EndGlobalSection
	GlobalSection(SolutionProperties) = preSolution
		HideSolutionNode = FALSE
	EndGlobalSection
	GlobalSection(ExtensibilityGlobals) = postSolution
		SolutionGuid = {9C690C76-9497-43AB-A348-BBACF878FF00}
	EndGlobalSection
EndGlobal
